
Microsoft Visual Studio Solution File, Format Version 12.00
# Visual Studio Version 17
VisualStudioVersion = 17.8.34316.72
MinimumVisualStudioVersion = 10.0.40219.1
Project("{FAE04EC0-301F-11D3-BF4B-00C04F79EFBC}") = "test_project", "test_project\test_project.csproj", "{AB42BA92-55E1-4EAD-B3FE-C394475F5A4A}"
EndProject
Global
	GlobalSection(SolutionConfigurationPlatforms) = preSolution
		Debug|Any CPU = Debug|Any CPU
		Release|Any CPU = Release|Any CPU
	EndGlobalSection
	GlobalSection(ProjectConfigurationPlatforms) = postSolution
		{AB42BA92-55E1-4EAD-B3FE-C394475F5A4A}.Debug|Any CPU.ActiveCfg = Debug|Any CPU
		{AB42BA92-55E1-4EAD-B3FE-C394475F5A4A}.Debug|Any CPU.Build.0 = Debug|Any CPU
		{AB42BA92-55E1-4EAD-B3FE-C394475F5A4A}.Release|Any CPU.ActiveCfg = Release|Any CPU
		{AB42BA92-55E1-4EAD-B3FE-C394475F5A4A}.Release|Any CPU.Build.0 = Release|Any CPU
	EndGlobalSection
	GlobalSection(SolutionProperties) = preSolution
		HideSolutionNode = FALSE
	EndGlobalSection
	GlobalSection(ExtensibilityGlobals) = postSolution
		SolutionGuid = {D0014107-E37C-49C7-A25A-C25D92050531}
	EndGlobalSection
EndGlobal
